
Microsoft Visual Studio Solution File, Format Version 12.00
# Visual Studio Version 17
VisualStudioVersion = 17.5.002.0
MinimumVisualStudioVersion = 10.0.40219.1
Project("{9A19103F-16F7-4668-BE54-9A1E7A4F7556}") = "CALCURADORADEAREA", "CALCURADORADEAREA\CALCURADORADEAREA.csproj", "{39601924-BFA9-4BDA-8A0F-B3E29250AE29}"
EndProject
Global
	GlobalSection(SolutionConfigurationPlatforms) = preSolution
		Debug|Any CPU = Debug|Any CPU
		Release|Any CPU = Release|Any CPU
	EndGlobalSection
	GlobalSection(ProjectConfigurationPlatforms) = postSolution
		{39601924-BFA9-4BDA-8A0F-B3E29250AE29}.Debug|Any CPU.ActiveCfg = Debug|Any CPU
		{39601924-BFA9-4BDA-8A0F-B3E29250AE29}.Debug|Any CPU.Build.0 = Debug|Any CPU
		{39601924-BFA9-4BDA-8A0F-B3E29250AE29}.Release|Any CPU.ActiveCfg = Release|Any CPU
		{39601924-BFA9-4BDA-8A0F-B3E29250AE29}.Release|Any CPU.Build.0 = Release|Any CPU
	EndGlobalSection
	GlobalSection(SolutionProperties) = preSolution
		HideSolutionNode = FALSE
	EndGlobalSection
	GlobalSection(ExtensibilityGlobals) = postSolution
		SolutionGuid = {04C3D09A-3DE4-4600-949D-0DA9AC3BDB79}
	EndGlobalSection
EndGlobal
